
Microsoft Visual Studio Solution File, Format Version 12.00
# Visual Studio Version 17
VisualStudioVersion = 17.5.2.0
MinimumVisualStudioVersion = 10.0.40219.1
Project("{FAE04EC0-301F-11D3-BF4B-00C04F79EFBC}") = "UserService", "UserService\UserService.csproj", "{F8832160-6E8A-C1E0-17C8-08A5783EBD52}"
EndProject
Project("{2150E333-8FDC-42A3-9474-1A3956D46DE8}") = "libs", "libs", "{6C4D298B-81FB-2B6B-5AB6-46205EDDC72C}"
EndProject
Project("{FAE04EC0-301F-11D3-BF4B-00C04F79EFBC}") = "Contracts", "libs\Contracts\Contracts.csproj", "{E01CCAA9-03BC-45AD-BF4C-9BA547469FCE}"
EndProject
Project("{FAE04EC0-301F-11D3-BF4B-00C04F79EFBC}") = "SagaService", "SagaService\SagaService.csproj", "{1B867027-9065-4A78-B693-813D9E8DD68C}"
EndProject
Project("{2150E333-8FDC-42A3-9474-1A3956D46DE8}") = "UrlService", "UrlService", "{A83C926C-9EFE-6B3C-C52F-11854CC4D9A7}"
EndProject
Project("{FAE04EC0-301F-11D3-BF4B-00C04F79EFBC}") = "UrlService.Domain", "UrlService\UrlService.Domain\UrlService.Domain.csproj", "{322EFED5-6F58-463C-97B6-9FE074E11B8F}"
EndProject
Project("{FAE04EC0-301F-11D3-BF4B-00C04F79EFBC}") = "UrlService.Application", "UrlService\UrlService.Application\UrlService.Application.csproj", "{F336B0FC-4AD8-4646-9224-640FF18B5775}"
EndProject
Project("{FAE04EC0-301F-11D3-BF4B-00C04F79EFBC}") = "UrlService.Infrastructure", "UrlService\UrlService.Infrastructure\UrlService.Infrastructure.csproj", "{1314594D-2496-40C8-9ED9-AA688AC68C85}"
EndProject
Project("{FAE04EC0-301F-11D3-BF4B-00C04F79EFBC}") = "UrlService.Api", "UrlService\UrlService.Api\UrlService.Api.csproj", "{611C3343-E5C4-4D19-B273-A6366EC6D55B}"
EndProject
Project("{FAE04EC0-301F-11D3-BF4B-00C04F79EFBC}") = "Validators", "libs\Validators\Validators.csproj", "{5BA8A53D-3F18-42B2-B4CF-3B7CFFDF6E4D}"
EndProject
Global
	GlobalSection(SolutionConfigurationPlatforms) = preSolution
		Debug|Any CPU = Debug|Any CPU
		Debug|x64 = Debug|x64
		Debug|x86 = Debug|x86
		Release|Any CPU = Release|Any CPU
		Release|x64 = Release|x64
		Release|x86 = Release|x86
	EndGlobalSection
	GlobalSection(ProjectConfigurationPlatforms) = postSolution
		{F8832160-6E8A-C1E0-17C8-08A5783EBD52}.Debug|Any CPU.ActiveCfg = Debug|Any CPU
		{F8832160-6E8A-C1E0-17C8-08A5783EBD52}.Debug|Any CPU.Build.0 = Debug|Any CPU
		{F8832160-6E8A-C1E0-17C8-08A5783EBD52}.Debug|x64.ActiveCfg = Debug|Any CPU
		{F8832160-6E8A-C1E0-17C8-08A5783EBD52}.Debug|x64.Build.0 = Debug|Any CPU
		{F8832160-6E8A-C1E0-17C8-08A5783EBD52}.Debug|x86.ActiveCfg = Debug|Any CPU
		{F8832160-6E8A-C1E0-17C8-08A5783EBD52}.Debug|x86.Build.0 = Debug|Any CPU
		{F8832160-6E8A-C1E0-17C8-08A5783EBD52}.Release|Any CPU.ActiveCfg = Release|Any CPU
		{F8832160-6E8A-C1E0-17C8-08A5783EBD52}.Release|Any CPU.Build.0 = Release|Any CPU
		{F8832160-6E8A-C1E0-17C8-08A5783EBD52}.Release|x64.ActiveCfg = Release|Any CPU
		{F8832160-6E8A-C1E0-17C8-08A5783EBD52}.Release|x64.Build.0 = Release|Any CPU
		{F8832160-6E8A-C1E0-17C8-08A5783EBD52}.Release|x86.ActiveCfg = Release|Any CPU
		{F8832160-6E8A-C1E0-17C8-08A5783EBD52}.Release|x86.Build.0 = Release|Any CPU
		{E01CCAA9-03BC-45AD-BF4C-9BA547469FCE}.Debug|Any CPU.ActiveCfg = Debug|Any CPU
		{E01CCAA9-03BC-45AD-BF4C-9BA547469FCE}.Debug|Any CPU.Build.0 = Debug|Any CPU
		{E01CCAA9-03BC-45AD-BF4C-9BA547469FCE}.Debug|x64.ActiveCfg = Debug|Any CPU
		{E01CCAA9-03BC-45AD-BF4C-9BA547469FCE}.Debug|x64.Build.0 = Debug|Any CPU
		{E01CCAA9-03BC-45AD-BF4C-9BA547469FCE}.Debug|x86.ActiveCfg = Debug|Any CPU
		{E01CCAA9-03BC-45AD-BF4C-9BA547469FCE}.Debug|x86.Build.0 = Debug|Any CPU
		{E01CCAA9-03BC-45AD-BF4C-9BA547469FCE}.Release|Any CPU.ActiveCfg = Release|Any CPU
		{E01CCAA9-03BC-45AD-BF4C-9BA547469FCE}.Release|Any CPU.Build.0 = Release|Any CPU
		{E01CCAA9-03BC-45AD-BF4C-9BA547469FCE}.Release|x64.ActiveCfg = Release|Any CPU
		{E01CCAA9-03BC-45AD-BF4C-9BA547469FCE}.Release|x64.Build.0 = Release|Any CPU
		{E01CCAA9-03BC-45AD-BF4C-9BA547469FCE}.Release|x86.ActiveCfg = Release|Any CPU
		{E01CCAA9-03BC-45AD-BF4C-9BA547469FCE}.Release|x86.Build.0 = Release|Any CPU
		{1B867027-9065-4A78-B693-813D9E8DD68C}.Debug|Any CPU.ActiveCfg = Debug|Any CPU
		{1B867027-9065-4A78-B693-813D9E8DD68C}.Debug|Any CPU.Build.0 = Debug|Any CPU
		{1B867027-9065-4A78-B693-813D9E8DD68C}.Debug|x64.ActiveCfg = Debug|Any CPU
		{1B867027-9065-4A78-B693-813D9E8DD68C}.Debug|x64.Build.0 = Debug|Any CPU
		{1B867027-9065-4A78-B693-813D9E8DD68C}.Debug|x86.ActiveCfg = Debug|Any CPU
		{1B867027-9065-4A78-B693-813D9E8DD68C}.Debug|x86.Build.0 = Debug|Any CPU
		{1B867027-9065-4A78-B693-813D9E8DD68C}.Release|Any CPU.ActiveCfg = Release|Any CPU
		{1B867027-9065-4A78-B693-813D9E8DD68C}.Release|Any CPU.Build.0 = Release|Any CPU
		{1B867027-9065-4A78-B693-813D9E8DD68C}.Release|x64.ActiveCfg = Release|Any CPU
		{1B867027-9065-4A78-B693-813D9E8DD68C}.Release|x64.Build.0 = Release|Any CPU
		{1B867027-9065-4A78-B693-813D9E8DD68C}.Release|x86.ActiveCfg = Release|Any CPU
		{1B867027-9065-4A78-B693-813D9E8DD68C}.Release|x86.Build.0 = Release|Any CPU
		{322EFED5-6F58-463C-97B6-9FE074E11B8F}.Debug|Any CPU.ActiveCfg = Debug|Any CPU
		{322EFED5-6F58-463C-97B6-9FE074E11B8F}.Debug|Any CPU.Build.0 = Debug|Any CPU
		{322EFED5-6F58-463C-97B6-9FE074E11B8F}.Debug|x64.ActiveCfg = Debug|Any CPU
		{322EFED5-6F58-463C-97B6-9FE074E11B8F}.Debug|x64.Build.0 = Debug|Any CPU
		{322EFED5-6F58-463C-97B6-9FE074E11B8F}.Debug|x86.ActiveCfg = Debug|Any CPU
		{322EFED5-6F58-463C-97B6-9FE074E11B8F}.Debug|x86.Build.0 = Debug|Any CPU
		{322EFED5-6F58-463C-97B6-9FE074E11B8F}.Release|Any CPU.ActiveCfg = Release|Any CPU
		{322EFED5-6F58-463C-97B6-9FE074E11B8F}.Release|Any CPU.Build.0 = Release|Any CPU
		{322EFED5-6F58-463C-97B6-9FE074E11B8F}.Release|x64.ActiveCfg = Release|Any CPU
		{322EFED5-6F58-463C-97B6-9FE074E11B8F}.Release|x64.Build.0 = Release|Any CPU
		{322EFED5-6F58-463C-97B6-9FE074E11B8F}.Release|x86.ActiveCfg = Release|Any CPU
		{322EFED5-6F58-463C-97B6-9FE074E11B8F}.Release|x86.Build.0 = Release|Any CPU
		{F336B0FC-4AD8-4646-9224-640FF18B5775}.Debug|Any CPU.ActiveCfg = Debug|Any CPU
		{F336B0FC-4AD8-4646-9224-640FF18B5775}.Debug|Any CPU.Build.0 = Debug|Any CPU
		{F336B0FC-4AD8-4646-9224-640FF18B5775}.Debug|x64.ActiveCfg = Debug|Any CPU
		{F336B0FC-4AD8-4646-9224-640FF18B5775}.Debug|x64.Build.0 = Debug|Any CPU
		{F336B0FC-4AD8-4646-9224-640FF18B5775}.Debug|x86.ActiveCfg = Debug|Any CPU
		{F336B0FC-4AD8-4646-9224-640FF18B5775}.Debug|x86.Build.0 = Debug|Any CPU
		{F336B0FC-4AD8-4646-9224-640FF18B5775}.Release|Any CPU.ActiveCfg = Release|Any CPU
		{F336B0FC-4AD8-4646-9224-640FF18B5775}.Release|Any CPU.Build.0 = Release|Any CPU
		{F336B0FC-4AD8-4646-9224-640FF18B5775}.Release|x64.ActiveCfg = Release|Any CPU
		{F336B0FC-4AD8-4646-9224-640FF18B5775}.Release|x64.Build.0 = Release|Any CPU
		{F336B0FC-4AD8-4646-9224-640FF18B5775}.Release|x86.ActiveCfg = Release|Any CPU
		{F336B0FC-4AD8-4646-9224-640FF18B5775}.Release|x86.Build.0 = Release|Any CPU
		{1314594D-2496-40C8-9ED9-AA688AC68C85}.Debug|Any CPU.ActiveCfg = Debug|Any CPU
		{1314594D-2496-40C8-9ED9-AA688AC68C85}.Debug|Any CPU.Build.0 = Debug|Any CPU
		{1314594D-2496-40C8-9ED9-AA688AC68C85}.Debug|x64.ActiveCfg = Debug|Any CPU
		{1314594D-2496-40C8-9ED9-AA688AC68C85}.Debug|x64.Build.0 = Debug|Any CPU
		{1314594D-2496-40C8-9ED9-AA688AC68C85}.Debug|x86.ActiveCfg = Debug|Any CPU
		{1314594D-2496-40C8-9ED9-AA688AC68C85}.Debug|x86.Build.0 = Debug|Any CPU
		{1314594D-2496-40C8-9ED9-AA688AC68C85}.Release|Any CPU.ActiveCfg = Release|Any CPU
		{1314594D-2496-40C8-9ED9-AA688AC68C85}.Release|Any CPU.Build.0 = Release|Any CPU
		{1314594D-2496-40C8-9ED9-AA688AC68C85}.Release|x64.ActiveCfg = Release|Any CPU
		{1314594D-2496-40C8-9ED9-AA688AC68C85}.Release|x64.Build.0 = Release|Any CPU
		{1314594D-2496-40C8-9ED9-AA688AC68C85}.Release|x86.ActiveCfg = Release|Any CPU
		{1314594D-2496-40C8-9ED9-AA688AC68C85}.Release|x86.Build.0 = Release|Any CPU
		{611C3343-E5C4-4D19-B273-A6366EC6D55B}.Debug|Any CPU.ActiveCfg = Debug|Any CPU
		{611C3343-E5C4-4D19-B273-A6366EC6D55B}.Debug|Any CPU.Build.0 = Debug|Any CPU
		{611C3343-E5C4-4D19-B273-A6366EC6D55B}.Debug|x64.ActiveCfg = Debug|Any CPU
		{611C3343-E5C4-4D19-B273-A6366EC6D55B}.Debug|x64.Build.0 = Debug|Any CPU
		{611C3343-E5C4-4D19-B273-A6366EC6D55B}.Debug|x86.ActiveCfg = Debug|Any CPU
		{611C3343-E5C4-4D19-B273-A6366EC6D55B}.Debug|x86.Build.0 = Debug|Any CPU
		{611C3343-E5C4-4D19-B273-A6366EC6D55B}.Release|Any CPU.ActiveCfg = Release|Any CPU
		{611C3343-E5C4-4D19-B273-A6366EC6D55B}.Release|Any CPU.Build.0 = Release|Any CPU
		{611C3343-E5C4-4D19-B273-A6366EC6D55B}.Release|x64.ActiveCfg = Release|Any CPU
		{611C3343-E5C4-4D19-B273-A6366EC6D55B}.Release|x64.Build.0 = Release|Any CPU
		{611C3343-E5C4-4D19-B273-A6366EC6D55B}.Release|x86.ActiveCfg = Release|Any CPU
		{611C3343-E5C4-4D19-B273-A6366EC6D55B}.Release|x86.Build.0 = Release|Any CPU
		{5BA8A53D-3F18-42B2-B4CF-3B7CFFDF6E4D}.Debug|Any CPU.ActiveCfg = Debug|Any CPU
		{5BA8A53D-3F18-42B2-B4CF-3B7CFFDF6E4D}.Debug|Any CPU.Build.0 = Debug|Any CPU
		{5BA8A53D-3F18-42B2-B4CF-3B7CFFDF6E4D}.Debug|x64.ActiveCfg = Debug|Any CPU
		{5BA8A53D-3F18-42B2-B4CF-3B7CFFDF6E4D}.Debug|x64.Build.0 = Debug|Any CPU
		{5BA8A53D-3F18-42B2-B4CF-3B7CFFDF6E4D}.Debug|x86.ActiveCfg = Debug|Any CPU
		{5BA8A53D-3F18-42B2-B4CF-3B7CFFDF6E4D}.Debug|x86.Build.0 = Debug|Any CPU
		{5BA8A53D-3F18-42B2-B4CF-3B7CFFDF6E4D}.Release|Any CPU.ActiveCfg = Release|Any CPU
		{5BA8A53D-3F18-42B2-B4CF-3B7CFFDF6E4D}.Release|Any CPU.Build.0 = Release|Any CPU
		{5BA8A53D-3F18-42B2-B4CF-3B7CFFDF6E4D}.Release|x64.ActiveCfg = Release|Any CPU
		{5BA8A53D-3F18-42B2-B4CF-3B7CFFDF6E4D}.Release|x64.Build.0 = Release|Any CPU
		{5BA8A53D-3F18-42B2-B4CF-3B7CFFDF6E4D}.Release|x86.ActiveCfg = Release|Any CPU
		{5BA8A53D-3F18-42B2-B4CF-3B7CFFDF6E4D}.Release|x86.Build.0 = Release|Any CPU
	EndGlobalSection
	GlobalSection(SolutionProperties) = preSolution
		HideSolutionNode = FALSE
	EndGlobalSection
	GlobalSection(NestedProjects) = preSolution
		{E01CCAA9-03BC-45AD-BF4C-9BA547469FCE} = {6C4D298B-81FB-2B6B-5AB6-46205EDDC72C}
		{322EFED5-6F58-463C-97B6-9FE074E11B8F} = {A83C926C-9EFE-6B3C-C52F-11854CC4D9A7}
		{F336B0FC-4AD8-4646-9224-640FF18B5775} = {A83C926C-9EFE-6B3C-C52F-11854CC4D9A7}
		{1314594D-2496-40C8-9ED9-AA688AC68C85} = {A83C926C-9EFE-6B3C-C52F-11854CC4D9A7}
		{611C3343-E5C4-4D19-B273-A6366EC6D55B} = {A83C926C-9EFE-6B3C-C52F-11854CC4D9A7}
		{5BA8A53D-3F18-42B2-B4CF-3B7CFFDF6E4D} = {6C4D298B-81FB-2B6B-5AB6-46205EDDC72C}
	EndGlobalSection
	GlobalSection(ExtensibilityGlobals) = postSolution
		SolutionGuid = {E2B5A252-D0EA-4262-AA3F-3EFE85127B83}
	EndGlobalSection
EndGlobal
